
Microsoft Visual Studio Solution File, Format Version 12.00
# Visual Studio Version 17
VisualStudioVersion = 17.9.34728.123
MinimumVisualStudioVersion = 10.0.40219.1
Project("{FAE04EC0-301F-11D3-BF4B-00C04F79EFBC}") = "iEngr.Hookup", "iEngr.Hookup\iEngr.Hookup.csproj", "{C60D5753-594C-4D71-9190-08437E86BF92}"
EndProject
Project("{FAE04EC0-301F-11D3-BF4B-00C04F79EFBC}") = "HkTreeMgr", "WpfAppTest\HkTreeMgr.csproj", "{3858EF38-8EA3-4C8C-BCE3-63D9E7CC4B68}"
EndProject
Project("{FAE04EC0-301F-11D3-BF4B-00C04F79EFBC}") = "xlsLibHookup", "xlsLibHookup\xlsLibHookup.csproj", "{4BD050B6-049C-44BD-A52E-0A19410F22AA}"
EndProject
Project("{FAE04EC0-301F-11D3-BF4B-00C04F79EFBC}") = "MatLibMgr", "MatLibMgr\MatLibMgr.csproj", "{565576A3-02B2-4EC9-AC6E-52F01F996B71}"
EndProject
Project("{FAE04EC0-301F-11D3-BF4B-00C04F79EFBC}") = "CheckComboBoxExample", "CheckComboBoxExample\CheckComboBoxExample.csproj", "{D1F48B80-59ED-442F-929A-501AAA0ADD72}"
EndProject
Project("{FAE04EC0-301F-11D3-BF4B-00C04F79EFBC}") = "ZoomAndPanExample", "ZoomAndPanExample\ZoomAndPanExample.csproj", "{9B0CB525-34C0-4CCA-A1A4-5A67A4C2F7DA}"
EndProject
Project("{FAE04EC0-301F-11D3-BF4B-00C04F79EFBC}") = "ProjDiagMgr", "ProjDiagMgr\ProjDiagMgr.csproj", "{F93EBF23-C7CA-4D3F-8985-ECF1424F3036}"
EndProject
Global
	GlobalSection(SolutionConfigurationPlatforms) = preSolution
		Debug|Any CPU = Debug|Any CPU
		Release|Any CPU = Release|Any CPU
	EndGlobalSection
	GlobalSection(ProjectConfigurationPlatforms) = postSolution
		{C60D5753-594C-4D71-9190-08437E86BF92}.Debug|Any CPU.ActiveCfg = Debug|Any CPU
		{C60D5753-594C-4D71-9190-08437E86BF92}.Debug|Any CPU.Build.0 = Debug|Any CPU
		{C60D5753-594C-4D71-9190-08437E86BF92}.Release|Any CPU.ActiveCfg = Release|Any CPU
		{C60D5753-594C-4D71-9190-08437E86BF92}.Release|Any CPU.Build.0 = Release|Any CPU
		{3858EF38-8EA3-4C8C-BCE3-63D9E7CC4B68}.Debug|Any CPU.ActiveCfg = Debug|Any CPU
		{3858EF38-8EA3-4C8C-BCE3-63D9E7CC4B68}.Debug|Any CPU.Build.0 = Debug|Any CPU
		{3858EF38-8EA3-4C8C-BCE3-63D9E7CC4B68}.Release|Any CPU.ActiveCfg = Release|Any CPU
		{3858EF38-8EA3-4C8C-BCE3-63D9E7CC4B68}.Release|Any CPU.Build.0 = Release|Any CPU
		{4BD050B6-049C-44BD-A52E-0A19410F22AA}.Debug|Any CPU.ActiveCfg = Debug|Any CPU
		{4BD050B6-049C-44BD-A52E-0A19410F22AA}.Debug|Any CPU.Build.0 = Debug|Any CPU
		{4BD050B6-049C-44BD-A52E-0A19410F22AA}.Release|Any CPU.ActiveCfg = Release|Any CPU
		{4BD050B6-049C-44BD-A52E-0A19410F22AA}.Release|Any CPU.Build.0 = Release|Any CPU
		{565576A3-02B2-4EC9-AC6E-52F01F996B71}.Debug|Any CPU.ActiveCfg = Debug|Any CPU
		{565576A3-02B2-4EC9-AC6E-52F01F996B71}.Debug|Any CPU.Build.0 = Debug|Any CPU
		{565576A3-02B2-4EC9-AC6E-52F01F996B71}.Release|Any CPU.ActiveCfg = Release|Any CPU
		{565576A3-02B2-4EC9-AC6E-52F01F996B71}.Release|Any CPU.Build.0 = Release|Any CPU
		{D1F48B80-59ED-442F-929A-501AAA0ADD72}.Debug|Any CPU.ActiveCfg = Debug|Any CPU
		{D1F48B80-59ED-442F-929A-501AAA0ADD72}.Debug|Any CPU.Build.0 = Debug|Any CPU
		{D1F48B80-59ED-442F-929A-501AAA0ADD72}.Release|Any CPU.ActiveCfg = Release|Any CPU
		{D1F48B80-59ED-442F-929A-501AAA0ADD72}.Release|Any CPU.Build.0 = Release|Any CPU
		{9B0CB525-34C0-4CCA-A1A4-5A67A4C2F7DA}.Debug|Any CPU.ActiveCfg = Debug|Any CPU
		{9B0CB525-34C0-4CCA-A1A4-5A67A4C2F7DA}.Debug|Any CPU.Build.0 = Debug|Any CPU
		{9B0CB525-34C0-4CCA-A1A4-5A67A4C2F7DA}.Release|Any CPU.ActiveCfg = Release|Any CPU
		{9B0CB525-34C0-4CCA-A1A4-5A67A4C2F7DA}.Release|Any CPU.Build.0 = Release|Any CPU
		{F93EBF23-C7CA-4D3F-8985-ECF1424F3036}.Debug|Any CPU.ActiveCfg = Debug|Any CPU
		{F93EBF23-C7CA-4D3F-8985-ECF1424F3036}.Debug|Any CPU.Build.0 = Debug|Any CPU
		{F93EBF23-C7CA-4D3F-8985-ECF1424F3036}.Release|Any CPU.ActiveCfg = Release|Any CPU
		{F93EBF23-C7CA-4D3F-8985-ECF1424F3036}.Release|Any CPU.Build.0 = Release|Any CPU
	EndGlobalSection
	GlobalSection(SolutionProperties) = preSolution
		HideSolutionNode = FALSE
	EndGlobalSection
	GlobalSection(ExtensibilityGlobals) = postSolution
		SolutionGuid = {7F512EF8-1CBE-48DC-84FB-19DA34071DC3}
	EndGlobalSection
EndGlobal
